
Microsoft Visual Studio Solution File, Format Version 12.00
# Visual Studio Version 16
VisualStudioVersion = 16.0.30611.23
MinimumVisualStudioVersion = 10.0.40219.1
Project("{FAE04EC0-301F-11D3-BF4B-00C04F79EFBC}") = "AzureAppServiceLoggingPOC", "AzureAppServiceLoggingPOC\AzureAppServiceLoggingPOC.csproj", "{B753807D-B27A-431D-9A6B-8C392F341213}"
EndProject
Global
	GlobalSection(SolutionConfigurationPlatforms) = preSolution
		Debug|Any CPU = Debug|Any CPU
		Release|Any CPU = Release|Any CPU
	EndGlobalSection
	GlobalSection(ProjectConfigurationPlatforms) = postSolution
		{B753807D-B27A-431D-9A6B-8C392F341213}.Debug|Any CPU.ActiveCfg = Debug|Any CPU
		{B753807D-B27A-431D-9A6B-8C392F341213}.Debug|Any CPU.Build.0 = Debug|Any CPU
		{B753807D-B27A-431D-9A6B-8C392F341213}.Release|Any CPU.ActiveCfg = Release|Any CPU
		{B753807D-B27A-431D-9A6B-8C392F341213}.Release|Any CPU.Build.0 = Release|Any CPU
	EndGlobalSection
	GlobalSection(SolutionProperties) = preSolution
		HideSolutionNode = FALSE
	EndGlobalSection
	GlobalSection(ExtensibilityGlobals) = postSolution
		SolutionGuid = {7C5AD793-6BB2-4D37-AF50-40C5B09497DD}
	EndGlobalSection
EndGlobal
